github.com/BurntSushi/toml v1.3.3-0.20230930221951-d17285a02783 h1:q97mwa1LRDI6nt31wvg+nEVzHdgifAkGzXBIzS2KCEk=
github.com/BurntSushi/toml v1.3.3-0.20230930221951-d17285a02783/go.mod h1:ukJfTF/6rtPPRCnwkur4qwRxa8vTRFBF0uk2lLoLwho=
zgo.at/zli v0.0.0-20231011155724-865ee344d4b3 h1:c6mOqJByLZGs0hmCK0Pr+XuDU6XoNcccUROX/8nPP6g=
zgo.at/zli v0.0.0-20231011155724-865ee344d4b3/go.mod h1:HLAc12TjNGT+VRXr76JnsNE3pbooQtwKWhX+RlDjQ2Y=
